// !$*UTF8*$!
{
	archiveVersion = 1;
	classes = {
	};
	objectVersion = 46;
	objects = {

/* Begin PBXBuildFile section */
		F350A1D719F04C2800FA8677 /* Comments.m in Sources */ = {isa = PBXBuildFile; fileRef = F350A1D619F04C2800FA8677 /* Comments.m */; };
		F350A1DA19F177CF00FA8677 /* ContentCell.m in Sources */ = {isa = PBXBuildFile; fileRef = F350A1D919F177CF00FA8677 /* ContentCell.m */; };
		F350A1E019F18C1800FA8677 /* EGOImageButton.m in Sources */ = {isa = PBXBuildFile; fileRef = F350A1DF19F18C1800FA8677 /* EGOImageButton.m */; };
		F350A1E619F18C7700FA8677 /* EGOImageLoadConnection.m in Sources */ = {isa = PBXBuildFile; fileRef = F350A1E319F18C7700FA8677 /* EGOImageLoadConnection.m */; };
		F350A1E719F18C7700FA8677 /* EGOImageLoader.m in Sources */ = {isa = PBXBuildFile; fileRef = F350A1E519F18C7700FA8677 /* EGOImageLoader.m */; };
		F350A1EB19F1904200FA8677 /* EGOCache.m in Sources */ = {isa = PBXBuildFile; fileRef = F350A1EA19F1904200FA8677 /* EGOCache.m */; };
		F350A1EF19F1906600FA8677 /* EGOImageView.m in Sources */ = {isa = PBXBuildFile; fileRef = F350A1EE19F1906600FA8677 /* EGOImageView.m */; };
		F350A1F419F1B93100FA8677 /* UIKit.framework in Frameworks */ = {isa = PBXBuildFile; fileRef = F350A1F319F1B93100FA8677 /* UIKit.framework */; };
		F350A1F619F1BD5000FA8677 /* SystemConfiguration.framework in Frameworks */ = {isa = PBXBuildFile; fileRef = F350A1F519F1BD5000FA8677 /* SystemConfiguration.framework */; };
		F35EB8C419EEDF38008EE50D /* main.m in Sources */ = {isa = PBXBuildFile; fileRef = F35EB8C319EEDF38008EE50D /* main.m */; };
		F35EB8C719EEDF38008EE50D /* AppDelegate.m in Sources */ = {isa = PBXBuildFile; fileRef = F35EB8C619EEDF38008EE50D /* AppDelegate.m */; };
		F35EB8CA19EEDF38008EE50D /* ViewController.m in Sources */ = {isa = PBXBuildFile; fileRef = F35EB8C919EEDF38008EE50D /* ViewController.m */; };
		F35EB8CF19EEDF38008EE50D /* Images.xcassets in Resources */ = {isa = PBXBuildFile; fileRef = F35EB8CE19EEDF38008EE50D /* Images.xcassets */; };
		F35EB8DE19EEDF38008EE50D /* WCQiushiTests.m in Sources */ = {isa = PBXBuildFile; fileRef = F35EB8DD19EEDF38008EE50D /* WCQiushiTests.m */; };
		F35EB8EB19EEE59F008EE50D /* Qiushi.m in Sources */ = {isa = PBXBuildFile; fileRef = F35EB8EA19EEE59F008EE50D /* Qiushi.m */; };
		F35EB8F019EF21B7008EE50D /* CommentsCell.m in Sources */ = {isa = PBXBuildFile; fileRef = F35EB8EF19EF21B7008EE50D /* CommentsCell.m */; };
		F35EB91C19EF3102008EE50D /* back.png in Resources */ = {isa = PBXBuildFile; fileRef = F35EB8F219EF3102008EE50D /* back.png */; };
		F35EB91D19EF3102008EE50D /* back@2x.png in Resources */ = {isa = PBXBuildFile; fileRef = F35EB8F319EF3102008EE50D /* back@2x.png */; };
		F35EB91E19EF3102008EE50D /* bar_background.png in Resources */ = {isa = PBXBuildFile; fileRef = F35EB8F419EF3102008EE50D /* bar_background.png */; };
		F35EB91F19EF3102008EE50D /* bar_background@2x.png in Resources */ = {isa = PBXBuildFile; fileRef = F35EB8F519EF3102008EE50D /* bar_background@2x.png */; };
		F35EB92019EF3102008EE50D /* block_background.png in Resources */ = {isa = PBXBuildFile; fileRef = F35EB8F619EF3102008EE50D /* block_background.png */; };
		F35EB92119EF3102008EE50D /* block_center_background.png in Resources */ = {isa = PBXBuildFile; fileRef = F35EB8F719EF3102008EE50D /* block_center_background.png */; };
		F35EB92219EF3102008EE50D /* block_foot_background.png in Resources */ = {isa = PBXBuildFile; fileRef = F35EB8F819EF3102008EE50D /* block_foot_background.png */; };
		F35EB92319EF3102008EE50D /* block_help.png in Resources */ = {isa = PBXBuildFile; fileRef = F35EB8F919EF3102008EE50D /* block_help.png */; };
		F35EB92419EF3102008EE50D /* block_line.png in Resources */ = {isa = PBXBuildFile; fileRef = F35EB8FA19EF3102008EE50D /* block_line.png */; };
		F35EB92519EF3102008EE50D /* block_top.png in Resources */ = {isa = PBXBuildFile; fileRef = F35EB8FB19EF3102008EE50D /* block_top.png */; };
		F35EB92619EF3102008EE50D /* button_login.png in Resources */ = {isa = PBXBuildFile; fileRef = F35EB8FC19EF3102008EE50D /* button_login.png */; };
		F35EB92719EF3102008EE50D /* button_login_active.png in Resources */ = {isa = PBXBuildFile; fileRef = F35EB8FD19EF3102008EE50D /* button_login_active.png */; };
		F35EB92819EF3102008EE50D /* button_vote.png in Resources */ = {isa = PBXBuildFile; fileRef = F35EB8FE19EF3102008EE50D /* button_vote.png */; };
		F35EB92919EF3102008EE50D /* button_vote_active.png in Resources */ = {isa = PBXBuildFile; fileRef = F35EB8FF19EF3102008EE50D /* button_vote_active.png */; };
		F35EB92A19EF3102008EE50D /* Default.png in Resources */ = {isa = PBXBuildFile; fileRef = F35EB90019EF3102008EE50D /* Default.png */; };
		F35EB92B19EF3102008EE50D /* Default@2x.png in Resources */ = {isa = PBXBuildFile; fileRef = F35EB90119EF3102008EE50D /* Default@2x.png */; };
		F35EB92C19EF3102008EE50D /* defaultHeadImage.png in Resources */ = {isa = PBXBuildFile; fileRef = F35EB90219EF3102008EE50D /* defaultHeadImage.png */; };
		F35EB92D19EF3102008EE50D /* head_background.png in Resources */ = {isa = PBXBuildFile; fileRef = F35EB90319EF3102008EE50D /* head_background.png */; };
		F35EB92E19EF3102008EE50D /* head_logo.png in Resources */ = {isa = PBXBuildFile; fileRef = F35EB90419EF3102008EE50D /* head_logo.png */; };
		F35EB92F19EF3102008EE50D /* icon_close.png in Resources */ = {isa = PBXBuildFile; fileRef = F35EB90519EF3102008EE50D /* icon_close.png */; };
		F35EB93019EF3102008EE50D /* icon_close_large.png in Resources */ = {isa = PBXBuildFile; fileRef = F35EB90619EF3102008EE50D /* icon_close_large.png */; };
		F35EB93119EF3102008EE50D /* icon_for_bad.png in Resources */ = {isa = PBXBuildFile; fileRef = F35EB90719EF3102008EE50D /* icon_for_bad.png */; };
		F35EB93219EF3102008EE50D /* icon_for_comment.png in Resources */ = {isa = PBXBuildFile; fileRef = F35EB90819EF3102008EE50D /* icon_for_comment.png */; };
		F35EB93319EF3102008EE50D /* icon_for_good.png in Resources */ = {isa = PBXBuildFile; fileRef = F35EB90919EF3102008EE50D /* icon_for_good.png */; };
		F35EB93419EF3102008EE50D /* icon_help.png in Resources */ = {isa = PBXBuildFile; fileRef = F35EB90A19EF3102008EE50D /* icon_help.png */; };
		F35EB93519EF3102008EE50D /* icon_help_active.png in Resources */ = {isa = PBXBuildFile; fileRef = F35EB90B19EF3102008EE50D /* icon_help_active.png */; };
		F35EB93619EF3102008EE50D /* icon_my_active.png in Resources */ = {isa = PBXBuildFile; fileRef = F35EB90C19EF3102008EE50D /* icon_my_active.png */; };
		F35EB93719EF3102008EE50D /* icon_my_enable.png in Resources */ = {isa = PBXBuildFile; fileRef = F35EB90D19EF3102008EE50D /* icon_my_enable.png */; };
		F35EB93819EF3102008EE50D /* icon_new_active.png in Resources */ = {isa = PBXBuildFile; fileRef = F35EB90E19EF3102008EE50D /* icon_new_active.png */; };
		F35EB93919EF3102008EE50D /* icon_new_enable.png in Resources */ = {isa = PBXBuildFile; fileRef = F35EB90F19EF3102008EE50D /* icon_new_enable.png */; };
		F35EB93A19EF3102008EE50D /* icon_pic_enable.png in Resources */ = {isa = PBXBuildFile; fileRef = F35EB91019EF3102008EE50D /* icon_pic_enable.png */; };
		F35EB93B19EF3102008EE50D /* icon_post_enable.png in Resources */ = {isa = PBXBuildFile; fileRef = F35EB91119EF3102008EE50D /* icon_post_enable.png */; };
		F35EB93C19EF3102008EE50D /* icon_share.png in Resources */ = {isa = PBXBuildFile; fileRef = F35EB91219EF3102008EE50D /* icon_share.png */; };
		F35EB93D19EF3102008EE50D /* icon_tag.png in Resources */ = {isa = PBXBuildFile; fileRef = F35EB91319EF3102008EE50D /* icon_tag.png */; };
		F35EB93E19EF3102008EE50D /* icon_top_active.png in Resources */ = {isa = PBXBuildFile; fileRef = F35EB91419EF3102008EE50D /* icon_top_active.png */; };
		F35EB93F19EF3102008EE50D /* icon_top_enable.png in Resources */ = {isa = PBXBuildFile; fileRef = F35EB91519EF3102008EE50D /* icon_top_enable.png */; };
		F35EB94019EF3102008EE50D /* input_button_active.png in Resources */ = {isa = PBXBuildFile; fileRef = F35EB91619EF3102008EE50D /* input_button_active.png */; };
		F35EB94119EF3102008EE50D /* input_button_enable.png in Resources */ = {isa = PBXBuildFile; fileRef = F35EB91719EF3102008EE50D /* input_button_enable.png */; };
		F35EB94219EF3102008EE50D /* main_background.png in Resources */ = {isa = PBXBuildFile; fileRef = F35EB91819EF3102008EE50D /* main_background.png */; };
		F35EB94319EF3102008EE50D /* pulish_bg.png in Resources */ = {isa = PBXBuildFile; fileRef = F35EB91919EF3102008EE50D /* pulish_bg.png */; };
		F35EB94419EF3102008EE50D /* thumb_avatar.png in Resources */ = {isa = PBXBuildFile; fileRef = F35EB91A19EF3102008EE50D /* thumb_avatar.png */; };
		F35EB94519EF3102008EE50D /* thumb_pic.png in Resources */ = {isa = PBXBuildFile; fileRef = F35EB91B19EF3102008EE50D /* thumb_pic.png */; };
		F3E787181A1170FD005AEA46 /* CommentsViewController.m in Sources */ = {isa = PBXBuildFile; fileRef = F3E787161A1170FD005AEA46 /* CommentsViewController.m */; };
		F3E787191A1170FD005AEA46 /* CommentsViewController.xib in Resources */ = {isa = PBXBuildFile; fileRef = F3E787171A1170FD005AEA46 /* CommentsViewController.xib */; };
		F3E7872E1A117365005AEA46 /* ASIAuthenticationDialog.m in Sources */ = {isa = PBXBuildFile; fileRef = F3E7871C1A117365005AEA46 /* ASIAuthenticationDialog.m */; };
		F3E7872F1A117365005AEA46 /* ASIDownloadCache.m in Sources */ = {isa = PBXBuildFile; fileRef = F3E7871F1A117365005AEA46 /* ASIDownloadCache.m */; };
		F3E787301A117365005AEA46 /* ASIFormDataRequest.m in Sources */ = {isa = PBXBuildFile; fileRef = F3E787211A117365005AEA46 /* ASIFormDataRequest.m */; };
		F3E787311A117365005AEA46 /* ASIHTTPRequest.m in Sources */ = {isa = PBXBuildFile; fileRef = F3E787241A117365005AEA46 /* ASIHTTPRequest.m */; };
		F3E787321A117365005AEA46 /* ASIInputStream.m in Sources */ = {isa = PBXBuildFile; fileRef = F3E787281A117365005AEA46 /* ASIInputStream.m */; };
		F3E787331A117365005AEA46 /* ASINetworkQueue.m in Sources */ = {isa = PBXBuildFile; fileRef = F3E7872A1A117365005AEA46 /* ASINetworkQueue.m */; };
		F3E787341A117365005AEA46 /* Reachability.m in Sources */ = {isa = PBXBuildFile; fileRef = F3E7872D1A117365005AEA46 /* Reachability.m */; };
		F3E787501A118FC8005AEA46 /* CDataScanner.m in Sources */ = {isa = PBXBuildFile; fileRef = F3E787371A118FC8005AEA46 /* CDataScanner.m */; };
		F3E787511A118FC8005AEA46 /* CFilteringJSONSerializer.m in Sources */ = {isa = PBXBuildFile; fileRef = F3E7873A1A118FC8005AEA46 /* CFilteringJSONSerializer.m */; };
		F3E787521A118FC8005AEA46 /* CJSONDeserializer_BlocksExtensions.m in Sources */ = {isa = PBXBuildFile; fileRef = F3E7873C1A118FC8005AEA46 /* CJSONDeserializer_BlocksExtensions.m */; };
		F3E787531A118FC8005AEA46 /* CJSONSerializedData.m in Sources */ = {isa = PBXBuildFile; fileRef = F3E7873E1A118FC8005AEA46 /* CJSONSerializedData.m */; };
		F3E787541A118FC8005AEA46 /* CDataScanner_Extensions.m in Sources */ = {isa = PBXBuildFile; fileRef = F3E787411A118FC8005AEA46 /* CDataScanner_Extensions.m */; };
		F3E787551A118FC8005AEA46 /* NSCharacterSet_Extensions.m in Sources */ = {isa = PBXBuildFile; fileRef = F3E787431A118FC8005AEA46 /* NSCharacterSet_Extensions.m */; };
		F3E787561A118FC8005AEA46 /* NSDictionary_JSONExtensions.m in Sources */ = {isa = PBXBuildFile; fileRef = F3E787451A118FC8005AEA46 /* NSDictionary_JSONExtensions.m */; };
		F3E787571A118FC8005AEA46 /* NSScanner_Extensions.m in Sources */ = {isa = PBXBuildFile; fileRef = F3E787471A118FC8005AEA46 /* NSScanner_Extensions.m */; };
		F3E787581A118FC8005AEA46 /* CJSONDeserializer.m in Sources */ = {isa = PBXBuildFile; fileRef = F3E7874A1A118FC8005AEA46 /* CJSONDeserializer.m */; };
		F3E787591A118FC8005AEA46 /* CJSONScanner.m in Sources */ = {isa = PBXBuildFile; fileRef = F3E7874C1A118FC8005AEA46 /* CJSONScanner.m */; };
		F3E7875A1A118FC8005AEA46 /* CJSONSerializer.m in Sources */ = {isa = PBXBuildFile; fileRef = F3E7874E1A118FC8005AEA46 /* CJSONSerializer.m */; };
		F3E7875C1A140FD2005AEA46 /* CFNetwork.framework in Frameworks */ = {isa = PBXBuildFile; fileRef = F3E7875B1A140FD2005AEA46 /* CFNetwork.framework */; };
		F3E7875E1A140FF4005AEA46 /* libz.1.2.5.dylib in Frameworks */ = {isa = PBXBuildFile; fileRef = F3E7875D1A140FF4005AEA46 /* libz.1.2.5.dylib */; };
		F3E787621A1412FE005AEA46 /* ContentViewController.m in Sources */ = {isa = PBXBuildFile; fileRef = F3E787601A1412FD005AEA46 /* ContentViewController.m */; };
		F3E787631A1412FE005AEA46 /* ContentViewController.xib in Resources */ = {isa = PBXBuildFile; fileRef = F3E787611A1412FE005AEA46 /* ContentViewController.xib */; };
		F3E7876B1A1419A2005AEA46 /* blueArrow.png in Resources */ = {isa = PBXBuildFile; fileRef = F3E787651A1419A2005AEA46 /* blueArrow.png */; };
		F3E7876C1A1419A2005AEA46 /* blueArrow@2x.png in Resources */ = {isa = PBXBuildFile; fileRef = F3E787661A1419A2005AEA46 /* blueArrow@2x.png */; };
		F3E7876D1A1419A2005AEA46 /* blueArrowDown.png in Resources */ = {isa = PBXBuildFile; fileRef = F3E787671A1419A2005AEA46 /* blueArrowDown.png */; };
		F3E7876E1A1419A2005AEA46 /* blueArrowDown@2x.png in Resources */ = {isa = PBXBuildFile; fileRef = F3E787681A1419A2005AEA46 /* blueArrowDown@2x.png */; };
		F3E7876F1A1419A2005AEA46 /* PullingRefreshTableView.m in Sources */ = {isa = PBXBuildFile; fileRef = F3E7876A1A1419A2005AEA46 /* PullingRefreshTableView.m */; };
		F3E787721A14234B005AEA46 /* tooles.m in Sources */ = {isa = PBXBuildFile; fileRef = F3E787701A14234B005AEA46 /* tooles.m */; };
/* End PBXBuildFile section */

/* Begin PBXContainerItemProxy section */
		F35EB8D819EEDF38008EE50D /* PBXContainerItemProxy */ = {
			isa = PBXContainerItemProxy;
			containerPortal = F35EB8B619EEDF38008EE50D /* Project object */;
			proxyType = 1;
			remoteGlobalIDString = F35EB8BD19EEDF38008EE50D;
			remoteInfo = WCQiushi;
		};
/* End PBXContainerItemProxy section */

/* Begin PBXFileReference section */
		F350A1D519F04C2800FA8677 /* Comments.h */ = {isa = PBXFileReference; fileEncoding = 4; lastKnownFileType = sourcecode.c.h; path = Comments.h; sourceTree = "<group>"; };
		F350A1D619F04C2800FA8677 /* Comments.m */ = {isa = PBXFileReference; fileEncoding = 4; lastKnownFileType = sourcecode.c.objc; path = Comments.m; sourceTree = "<group>"; };
		F350A1D819F177CF00FA8677 /* ContentCell.h */ = {isa = PBXFileReference; fileEncoding = 4; lastKnownFileType = sourcecode.c.h; name = ContentCell.h; path = ../ContentCell.h; sourceTree = "<group>"; };
		F350A1D919F177CF00FA8677 /* ContentCell.m */ = {isa = PBXFileReference; fileEncoding = 4; lastKnownFileType = sourcecode.c.objc; name = ContentCell.m; path = ../ContentCell.m; sourceTree = "<group>"; };
		F350A1DE19F18C1800FA8677 /* EGOImageButton.h */ = {isa = PBXFileReference; fileEncoding = 4; lastKnownFileType = sourcecode.c.h; path = EGOImageButton.h; sourceTree = "<group>"; };
		F350A1DF19F18C1800FA8677 /* EGOImageButton.m */ = {isa = PBXFileReference; fileEncoding = 4; lastKnownFileType = sourcecode.c.objc; path = EGOImageButton.m; sourceTree = "<group>"; };
		F350A1E219F18C7700FA8677 /* EGOImageLoadConnection.h */ = {isa = PBXFileReference; fileEncoding = 4; lastKnownFileType = sourcecode.c.h; path = EGOImageLoadConnection.h; sourceTree = "<group>"; };
		F350A1E319F18C7700FA8677 /* EGOImageLoadConnection.m */ = {isa = PBXFileReference; fileEncoding = 4; lastKnownFileType = sourcecode.c.objc; path = EGOImageLoadConnection.m; sourceTree = "<group>"; };
		F350A1E419F18C7700FA8677 /* EGOImageLoader.h */ = {isa = PBXFileReference; fileEncoding = 4; lastKnownFileType = sourcecode.c.h; path = EGOImageLoader.h; sourceTree = "<group>"; };
		F350A1E519F18C7700FA8677 /* EGOImageLoader.m */ = {isa = PBXFileReference; fileEncoding = 4; lastKnownFileType = sourcecode.c.objc; path = EGOImageLoader.m; sourceTree = "<group>"; };
		F350A1E919F1904200FA8677 /* EGOCache.h */ = {isa = PBXFileReference; fileEncoding = 4; lastKnownFileType = sourcecode.c.h; path = EGOCache.h; sourceTree = "<group>"; };
		F350A1EA19F1904200FA8677 /* EGOCache.m */ = {isa = PBXFileReference; fileEncoding = 4; lastKnownFileType = sourcecode.c.objc; path = EGOCache.m; sourceTree = "<group>"; };
		F350A1ED19F1906600FA8677 /* EGOImageView.h */ = {isa = PBXFileReference; fileEncoding = 4; lastKnownFileType = sourcecode.c.h; path = EGOImageView.h; sourceTree = "<group>"; };
		F350A1EE19F1906600FA8677 /* EGOImageView.m */ = {isa = PBXFileReference; fileEncoding = 4; lastKnownFileType = sourcecode.c.objc; path = EGOImageView.m; sourceTree = "<group>"; };
		F350A1F319F1B93100FA8677 /* UIKit.framework */ = {isa = PBXFileReference; lastKnownFileType = wrapper.framework; name = UIKit.framework; path = System/Library/Frameworks/UIKit.framework; sourceTree = SDKROOT; };
		F350A1F519F1BD5000FA8677 /* SystemConfiguration.framework */ = {isa = PBXFileReference; lastKnownFileType = wrapper.framework; name = SystemConfiguration.framework; path = System/Library/Frameworks/SystemConfiguration.framework; sourceTree = SDKROOT; };
		F35EB8BE19EEDF38008EE50D /* WCQiushi.app */ = {isa = PBXFileReference; explicitFileType = wrapper.application; includeInIndex = 0; path = WCQiushi.app; sourceTree = BUILT_PRODUCTS_DIR; };
		F35EB8C219EEDF38008EE50D /* Info.plist */ = {isa = PBXFileReference; lastKnownFileType = text.plist.xml; path = Info.plist; sourceTree = "<group>"; };
		F35EB8C319EEDF38008EE50D /* main.m */ = {isa = PBXFileReference; lastKnownFileType = sourcecode.c.objc; path = main.m; sourceTree = "<group>"; };
		F35EB8C519EEDF38008EE50D /* AppDelegate.h */ = {isa = PBXFileReference; lastKnownFileType = sourcecode.c.h; path = AppDelegate.h; sourceTree = "<group>"; };
		F35EB8C619EEDF38008EE50D /* AppDelegate.m */ = {isa = PBXFileReference; lastKnownFileType = sourcecode.c.objc; path = AppDelegate.m; sourceTree = "<group>"; };
		F35EB8C819EEDF38008EE50D /* ViewController.h */ = {isa = PBXFileReference; lastKnownFileType = sourcecode.c.h; path = ViewController.h; sourceTree = "<group>"; };
		F35EB8C919EEDF38008EE50D /* ViewController.m */ = {isa = PBXFileReference; lastKnownFileType = sourcecode.c.objc; path = ViewController.m; sourceTree = "<group>"; };
		F35EB8CE19EEDF38008EE50D /* Images.xcassets */ = {isa = PBXFileReference; lastKnownFileType = folder.assetcatalog; path = Images.xcassets; sourceTree = "<group>"; };
		F35EB8D719EEDF38008EE50D /* WCQiushiTests.xctest */ = {isa = PBXFileReference; explicitFileType = wrapper.cfbundle; includeInIndex = 0; path = WCQiushiTests.xctest; sourceTree = BUILT_PRODUCTS_DIR; };
		F35EB8DC19EEDF38008EE50D /* Info.plist */ = {isa = PBXFileReference; lastKnownFileType = text.plist.xml; path = Info.plist; sourceTree = "<group>"; };
		F35EB8DD19EEDF38008EE50D /* WCQiushiTests.m */ = {isa = PBXFileReference; lastKnownFileType = sourcecode.c.objc; path = WCQiushiTests.m; sourceTree = "<group>"; };
		F35EB8E919EEE59F008EE50D /* Qiushi.h */ = {isa = PBXFileReference; fileEncoding = 4; lastKnownFileType = sourcecode.c.h; path = Qiushi.h; sourceTree = "<group>"; };
		F35EB8EA19EEE59F008EE50D /* Qiushi.m */ = {isa = PBXFileReference; fileEncoding = 4; lastKnownFileType = sourcecode.c.objc; path = Qiushi.m; sourceTree = "<group>"; };
		F35EB8ED19EF1EDB008EE50D /* PrefixHeader.pch */ = {isa = PBXFileReference; lastKnownFileType = sourcecode.c.h; path = PrefixHeader.pch; sourceTree = "<group>"; };
		F35EB8EE19EF21B7008EE50D /* CommentsCell.h */ = {isa = PBXFileReference; fileEncoding = 4; lastKnownFileType = sourcecode.c.h; path = CommentsCell.h; sourceTree = "<group>"; };
		F35EB8EF19EF21B7008EE50D /* CommentsCell.m */ = {isa = PBXFileReference; fileEncoding = 4; lastKnownFileType = sourcecode.c.objc; path = CommentsCell.m; sourceTree = "<group>"; };
		F35EB8F219EF3102008EE50D /* back.png */ = {isa = PBXFileReference; lastKnownFileType = image.png; path = back.png; sourceTree = "<group>"; };
		F35EB8F319EF3102008EE50D /* back@2x.png */ = {isa = PBXFileReference; lastKnownFileType = image.png; path = "back@2x.png"; sourceTree = "<group>"; };
		F35EB8F419EF3102008EE50D /* bar_background.png */ = {isa = PBXFileReference; lastKnownFileType = image.png; path = bar_background.png; sourceTree = "<group>"; };
		F35EB8F519EF3102008EE50D /* bar_background@2x.png */ = {isa = PBXFileReference; lastKnownFileType = image.png; path = "bar_background@2x.png"; sourceTree = "<group>"; };
		F35EB8F619EF3102008EE50D /* block_background.png */ = {isa = PBXFileReference; lastKnownFileType = image.png; path = block_background.png; sourceTree = "<group>"; };
		F35EB8F719EF3102008EE50D /* block_center_background.png */ = {isa = PBXFileReference; lastKnownFileType = image.png; path = block_center_background.png; sourceTree = "<group>"; };
		F35EB8F819EF3102008EE50D /* block_foot_background.png */ = {isa = PBXFileReference; lastKnownFileType = image.png; path = block_foot_background.png; sourceTree = "<group>"; };
		F35EB8F919EF3102008EE50D /* block_help.png */ = {isa = PBXFileReference; lastKnownFileType = image.png; path = block_help.png; sourceTree = "<group>"; };
		F35EB8FA19EF3102008EE50D /* block_line.png */ = {isa = PBXFileReference; lastKnownFileType = image.png; path = block_line.png; sourceTree = "<group>"; };
		F35EB8FB19EF3102008EE50D /* block_top.png */ = {isa = PBXFileReference; lastKnownFileType = image.png; path = block_top.png; sourceTree = "<group>"; };
		F35EB8FC19EF3102008EE50D /* button_login.png */ = {isa = PBXFileReference; lastKnownFileType = image.png; path = button_login.png; sourceTree = "<group>"; };
		F35EB8FD19EF3102008EE50D /* button_login_active.png */ = {isa = PBXFileReference; lastKnownFileType = image.png; path = button_login_active.png; sourceTree = "<group>"; };
		F35EB8FE19EF3102008EE50D /* button_vote.png */ = {isa = PBXFileReference; lastKnownFileType = image.png; path = button_vote.png; sourceTree = "<group>"; };
		F35EB8FF19EF3102008EE50D /* button_vote_active.png */ = {isa = PBXFileReference; lastKnownFileType = image.png; path = button_vote_active.png; sourceTree = "<group>"; };
		F35EB90019EF3102008EE50D /* Default.png */ = {isa = PBXFileReference; lastKnownFileType = image.png; path = Default.png; sourceTree = "<group>"; };
		F35EB90119EF3102008EE50D /* Default@2x.png */ = {isa = PBXFileReference; lastKnownFileType = image.png; path = "Default@2x.png"; sourceTree = "<group>"; };
		F35EB90219EF3102008EE50D /* defaultHeadImage.png */ = {isa = PBXFileReference; lastKnownFileType = image.png; path = defaultHeadImage.png; sourceTree = "<group>"; };
		F35EB90319EF3102008EE50D /* head_background.png */ = {isa = PBXFileReference; lastKnownFileType = image.png; path = head_background.png; sourceTree = "<group>"; };
		F35EB90419EF3102008EE50D /* head_logo.png */ = {isa = PBXFileReference; lastKnownFileType = image.png; path = head_logo.png; sourceTree = "<group>"; };
		F35EB90519EF3102008EE50D /* icon_close.png */ = {isa = PBXFileReference; lastKnownFileType = image.png; path = icon_close.png; sourceTree = "<group>"; };
		F35EB90619EF3102008EE50D /* icon_close_large.png */ = {isa = PBXFileReference; lastKnownFileType = image.png; path = icon_close_large.png; sourceTree = "<group>"; };
		F35EB90719EF3102008EE50D /* icon_for_bad.png */ = {isa = PBXFileReference; lastKnownFileType = image.png; path = icon_for_bad.png; sourceTree = "<group>"; };
		F35EB90819EF3102008EE50D /* icon_for_comment.png */ = {isa = PBXFileReference; lastKnownFileType = image.png; path = icon_for_comment.png; sourceTree = "<group>"; };
		F35EB90919EF3102008EE50D /* icon_for_good.png */ = {isa = PBXFileReference; lastKnownFileType = image.png; path = icon_for_good.png; sourceTree = "<group>"; };
		F35EB90A19EF3102008EE50D /* icon_help.png */ = {isa = PBXFileReference; lastKnownFileType = image.png; path = icon_help.png; sourceTree = "<group>"; };
		F35EB90B19EF3102008EE50D /* icon_help_active.png */ = {isa = PBXFileReference; lastKnownFileType = image.png; path = icon_help_active.png; sourceTree = "<group>"; };
		F35EB90C19EF3102008EE50D /* icon_my_active.png */ = {isa = PBXFileReference; lastKnownFileType = image.png; path = icon_my_active.png; sourceTree = "<group>"; };
		F35EB90D19EF3102008EE50D /* icon_my_enable.png */ = {isa = PBXFileReference; lastKnownFileType = image.png; path = icon_my_enable.png; sourceTree = "<group>"; };
		F35EB90E19EF3102008EE50D /* icon_new_active.png */ = {isa = PBXFileReference; lastKnownFileType = image.png; path = icon_new_active.png; sourceTree = "<group>"; };
		F35EB90F19EF3102008EE50D /* icon_new_enable.png */ = {isa = PBXFileReference; lastKnownFileType = image.png; path = icon_new_enable.png; sourceTree = "<group>"; };
		F35EB91019EF3102008EE50D /* icon_pic_enable.png */ = {isa = PBXFileReference; lastKnownFileType = image.png; path = icon_pic_enable.png; sourceTree = "<group>"; };
		F35EB91119EF3102008EE50D /* icon_post_enable.png */ = {isa = PBXFileReference; lastKnownFileType = image.png; path = icon_post_enable.png; sourceTree = "<group>"; };
		F35EB91219EF3102008EE50D /* icon_share.png */ = {isa = PBXFileReference; lastKnownFileType = image.png; path = icon_share.png; sourceTree = "<group>"; };
		F35EB91319EF3102008EE50D /* icon_tag.png */ = {isa = PBXFileReference; lastKnownFileType = image.png; path = icon_tag.png; sourceTree = "<group>"; };
		F35EB91419EF3102008EE50D /* icon_top_active.png */ = {isa = PBXFileReference; lastKnownFileType = image.png; path = icon_top_active.png; sourceTree = "<group>"; };
		F35EB91519EF3102008EE50D /* icon_top_enable.png */ = {isa = PBXFileReference; lastKnownFileType = image.png; path = icon_top_enable.png; sourceTree = "<group>"; };
		F35EB91619EF3102008EE50D /* input_button_active.png */ = {isa = PBXFileReference; lastKnownFileType = image.png; path = input_button_active.png; sourceTree = "<group>"; };
		F35EB91719EF3102008EE50D /* input_button_enable.png */ = {isa = PBXFileReference; lastKnownFileType = image.png; path = input_button_enable.png; sourceTree = "<group>"; };
		F35EB91819EF3102008EE50D /* main_background.png */ = {isa = PBXFileReference; lastKnownFileType = image.png; path = main_background.png; sourceTree = "<group>"; };
		F35EB91919EF3102008EE50D /* pulish_bg.png */ = {isa = PBXFileReference; lastKnownFileType = image.png; path = pulish_bg.png; sourceTree = "<group>"; };
		F35EB91A19EF3102008EE50D /* thumb_avatar.png */ = {isa = PBXFileReference; lastKnownFileType = image.png; path = thumb_avatar.png; sourceTree = "<group>"; };
		F35EB91B19EF3102008EE50D /* thumb_pic.png */ = {isa = PBXFileReference; lastKnownFileType = image.png; path = thumb_pic.png; sourceTree = "<group>"; };
		F3E787151A1170FD005AEA46 /* CommentsViewController.h */ = {isa = PBXFileReference; fileEncoding = 4; lastKnownFileType = sourcecode.c.h; name = CommentsViewController.h; path = ../CommentsViewController.h; sourceTree = "<group>"; };
		F3E787161A1170FD005AEA46 /* CommentsViewController.m */ = {isa = PBXFileReference; fileEncoding = 4; lastKnownFileType = sourcecode.c.objc; name = CommentsViewController.m; path = ../CommentsViewController.m; sourceTree = "<group>"; };
		F3E787171A1170FD005AEA46 /* CommentsViewController.xib */ = {isa = PBXFileReference; fileEncoding = 4; lastKnownFileType = file.xib; name = CommentsViewController.xib; path = ../CommentsViewController.xib; sourceTree = "<group>"; };
		F3E7871B1A117365005AEA46 /* ASIAuthenticationDialog.h */ = {isa = PBXFileReference; fileEncoding = 4; lastKnownFileType = sourcecode.c.h; path = ASIAuthenticationDialog.h; sourceTree = "<group>"; };
		F3E7871C1A117365005AEA46 /* ASIAuthenticationDialog.m */ = {isa = PBXFileReference; fileEncoding = 4; lastKnownFileType = sourcecode.c.objc; path = ASIAuthenticationDialog.m; sourceTree = "<group>"; };
		F3E7871D1A117365005AEA46 /* ASICacheDelegate.h */ = {isa = PBXFileReference; fileEncoding = 4; lastKnownFileType = sourcecode.c.h; path = ASICacheDelegate.h; sourceTree = "<group>"; };
		F3E7871E1A117365005AEA46 /* ASIDownloadCache.h */ = {isa = PBXFileReference; fileEncoding = 4; lastKnownFileType = sourcecode.c.h; path = ASIDownloadCache.h; sourceTree = "<group>"; };
		F3E7871F1A117365005AEA46 /* ASIDownloadCache.m */ = {isa = PBXFileReference; fileEncoding = 4; lastKnownFileType = sourcecode.c.objc; path = ASIDownloadCache.m; sourceTree = "<group>"; };
		F3E787201A117365005AEA46 /* ASIFormDataRequest.h */ = {isa = PBXFileReference; fileEncoding = 4; lastKnownFileType = sourcecode.c.h; path = ASIFormDataRequest.h; sourceTree = "<group>"; };
		F3E787211A117365005AEA46 /* ASIFormDataRequest.m */ = {isa = PBXFileReference; fileEncoding = 4; lastKnownFileType = sourcecode.c.objc; path = ASIFormDataRequest.m; sourceTree = "<group>"; };
		F3E787221A117365005AEA46 /* ASIHttpHeaders.h */ = {isa = PBXFileReference; fileEncoding = 4; lastKnownFileType = sourcecode.c.h; path = ASIHttpHeaders.h; sourceTree = "<group>"; };
		F3E787231A117365005AEA46 /* ASIHTTPRequest.h */ = {isa = PBXFileReference; fileEncoding = 4; lastKnownFileType = sourcecode.c.h; path = ASIHTTPRequest.h; sourceTree = "<group>"; };
		F3E787241A117365005AEA46 /* ASIHTTPRequest.m */ = {isa = PBXFileReference; fileEncoding = 4; lastKnownFileType = sourcecode.c.objc; path = ASIHTTPRequest.m; sourceTree = "<group>"; };
		F3E787251A117365005AEA46 /* ASIHTTPRequestConfig.h */ = {isa = PBXFileReference; fileEncoding = 4; lastKnownFileType = sourcecode.c.h; path = ASIHTTPRequestConfig.h; sourceTree = "<group>"; };
		F3E787261A117365005AEA46 /* ASIHTTPRequestDelegate.h */ = {isa = PBXFileReference; fileEncoding = 4; lastKnownFileType = sourcecode.c.h; path = ASIHTTPRequestDelegate.h; sourceTree = "<group>"; };
		F3E787271A117365005AEA46 /* ASIInputStream.h */ = {isa = PBXFileReference; fileEncoding = 4; lastKnownFileType = sourcecode.c.h; path = ASIInputStream.h; sourceTree = "<group>"; };
		F3E787281A117365005AEA46 /* ASIInputStream.m */ = {isa = PBXFileReference; fileEncoding = 4; lastKnownFileType = sourcecode.c.objc; path = ASIInputStream.m; sourceTree = "<group>"; };
		F3E787291A117365005AEA46 /* ASINetworkQueue.h */ = {isa = PBXFileReference; fileEncoding = 4; lastKnownFileType = sourcecode.c.h; path = ASINetworkQueue.h; sourceTree = "<group>"; };
		F3E7872A1A117365005AEA46 /* ASINetworkQueue.m */ = {isa = PBXFileReference; fileEncoding = 4; lastKnownFileType = sourcecode.c.objc; path = ASINetworkQueue.m; sourceTree = "<group>"; };
		F3E7872B1A117365005AEA46 /* ASIProgressDelegate.h */ = {isa = PBXFileReference; fileEncoding = 4; lastKnownFileType = sourcecode.c.h; path = ASIProgressDelegate.h; sourceTree = "<group>"; };
		F3E7872C1A117365005AEA46 /* Reachability.h */ = {isa = PBXFileReference; fileEncoding = 4; lastKnownFileType = sourcecode.c.h; path = Reachability.h; sourceTree = "<group>"; };
		F3E7872D1A117365005AEA46 /* Reachability.m */ = {isa = PBXFileReference; fileEncoding = 4; lastKnownFileType = sourcecode.c.objc; path = Reachability.m; sourceTree = "<group>"; };
		F3E787361A118FC8005AEA46 /* CDataScanner.h */ = {isa = PBXFileReference; fileEncoding = 4; lastKnownFileType = sourcecode.c.h; path = CDataScanner.h; sourceTree = "<group>"; };
		F3E787371A118FC8005AEA46 /* CDataScanner.m */ = {isa = PBXFileReference; fileEncoding = 4; lastKnownFileType = sourcecode.c.objc; path = CDataScanner.m; sourceTree = "<group>"; };
		F3E787391A118FC8005AEA46 /* CFilteringJSONSerializer.h */ = {isa = PBXFileReference; fileEncoding = 4; lastKnownFileType = sourcecode.c.h; path = CFilteringJSONSerializer.h; sourceTree = "<group>"; };
		F3E7873A1A118FC8005AEA46 /* CFilteringJSONSerializer.m */ = {isa = PBXFileReference; fileEncoding = 4; lastKnownFileType = sourcecode.c.objc; path = CFilteringJSONSerializer.m; sourceTree = "<group>"; };
		F3E7873B1A118FC8005AEA46 /* CJSONDeserializer_BlocksExtensions.h */ = {isa = PBXFileReference; fileEncoding = 4; lastKnownFileType = sourcecode.c.h; path = CJSONDeserializer_BlocksExtensions.h; sourceTree = "<group>"; };
		F3E7873C1A118FC8005AEA46 /* CJSONDeserializer_BlocksExtensions.m */ = {isa = PBXFileReference; fileEncoding = 4; lastKnownFileType = sourcecode.c.objc; path = CJSONDeserializer_BlocksExtensions.m; sourceTree = "<group>"; };
		F3E7873D1A118FC8005AEA46 /* CJSONSerializedData.h */ = {isa = PBXFileReference; fileEncoding = 4; lastKnownFileType = sourcecode.c.h; path = CJSONSerializedData.h; sourceTree = "<group>"; };
		F3E7873E1A118FC8005AEA46 /* CJSONSerializedData.m */ = {isa = PBXFileReference; fileEncoding = 4; lastKnownFileType = sourcecode.c.objc; path = CJSONSerializedData.m; sourceTree = "<group>"; };
		F3E787401A118FC8005AEA46 /* CDataScanner_Extensions.h */ = {isa = PBXFileReference; fileEncoding = 4; lastKnownFileType = sourcecode.c.h; path = CDataScanner_Extensions.h; sourceTree = "<group>"; };
		F3E787411A118FC8005AEA46 /* CDataScanner_Extensions.m */ = {isa = PBXFileReference; fileEncoding = 4; lastKnownFileType = sourcecode.c.objc; path = CDataScanner_Extensions.m; sourceTree = "<group>"; };
		F3E787421A118FC8005AEA46 /* NSCharacterSet_Extensions.h */ = {isa = PBXFileReference; fileEncoding = 4; lastKnownFileType = sourcecode.c.h; path = NSCharacterSet_Extensions.h; sourceTree = "<group>"; };
		F3E787431A118FC8005AEA46 /* NSCharacterSet_Extensions.m */ = {isa = PBXFileReference; fileEncoding = 4; lastKnownFileType = sourcecode.c.objc; path = NSCharacterSet_Extensions.m; sourceTree = "<group>"; };
		F3E787441A118FC8005AEA46 /* NSDictionary_JSONExtensions.h */ = {isa = PBXFileReference; fileEncoding = 4; lastKnownFileType = sourcecode.c.h; path = NSDictionary_JSONExtensions.h; sourceTree = "<group>"; };
		F3E787451A118FC8005AEA46 /* NSDictionary_JSONExtensions.m */ = {isa = PBXFileReference; fileEncoding = 4; lastKnownFileType = sourcecode.c.objc; path = NSDictionary_JSONExtensions.m; sourceTree = "<group>"; };
		F3E787461A118FC8005AEA46 /* NSScanner_Extensions.h */ = {isa = PBXFileReference; fileEncoding = 4; lastKnownFileType = sourcecode.c.h; path = NSScanner_Extensions.h; sourceTree = "<group>"; };
		F3E787471A118FC8005AEA46 /* NSScanner_Extensions.m */ = {isa = PBXFileReference; fileEncoding = 4; lastKnownFileType = sourcecode.c.objc; path = NSScanner_Extensions.m; sourceTree = "<group>"; };
		F3E787491A118FC8005AEA46 /* CJSONDeserializer.h */ = {isa = PBXFileReference; fileEncoding = 4; lastKnownFileType = sourcecode.c.h; path = CJSONDeserializer.h; sourceTree = "<group>"; };
		F3E7874A1A118FC8005AEA46 /* CJSONDeserializer.m */ = {isa = PBXFileReference; fileEncoding = 4; lastKnownFileType = sourcecode.c.objc; path = CJSONDeserializer.m; sourceTree = "<group>"; };
		F3E7874B1A118FC8005AEA46 /* CJSONScanner.h */ = {isa = PBXFileReference; fileEncoding = 4; lastKnownFileType = sourcecode.c.h; path = CJSONScanner.h; sourceTree = "<group>"; };
		F3E7874C1A118FC8005AEA46 /* CJSONScanner.m */ = {isa = PBXFileReference; fileEncoding = 4; lastKnownFileType = sourcecode.c.objc; path = CJSONScanner.m; sourceTree = "<group>"; };
		F3E7874D1A118FC8005AEA46 /* CJSONSerializer.h */ = {isa = PBXFileReference; fileEncoding = 4; lastKnownFileType = sourcecode.c.h; path = CJSONSerializer.h; sourceTree = "<group>"; };
		F3E7874E1A118FC8005AEA46 /* CJSONSerializer.m */ = {isa = PBXFileReference; fileEncoding = 4; lastKnownFileType = sourcecode.c.objc; path = CJSONSerializer.m; sourceTree = "<group>"; };
		F3E7874F1A118FC8005AEA46 /* JSONRepresentation.h */ = {isa = PBXFileReference; fileEncoding = 4; lastKnownFileType = sourcecode.c.h; path = JSONRepresentation.h; sourceTree = "<group>"; };
		F3E7875B1A140FD2005AEA46 /* CFNetwork.framework */ = {isa = PBXFileReference; lastKnownFileType = wrapper.framework; name = CFNetwork.framework; path = System/Library/Frameworks/CFNetwork.framework; sourceTree = SDKROOT; };
		F3E7875D1A140FF4005AEA46 /* libz.1.2.5.dylib */ = {isa = PBXFileReference; lastKnownFileType = "compiled.mach-o.dylib"; name = libz.1.2.5.dylib; path = usr/lib/libz.1.2.5.dylib; sourceTree = SDKROOT; };
		F3E7875F1A1412FD005AEA46 /* ContentViewController.h */ = {isa = PBXFileReference; fileEncoding = 4; lastKnownFileType = sourcecode.c.h; name = ContentViewController.h; path = ../ContentViewController.h; sourceTree = "<group>"; };
		F3E787601A1412FD005AEA46 /* ContentViewController.m */ = {isa = PBXFileReference; fileEncoding = 4; lastKnownFileType = sourcecode.c.objc; name = ContentViewController.m; path = ../ContentViewController.m; sourceTree = "<group>"; };
		F3E787611A1412FE005AEA46 /* ContentViewController.xib */ = {isa = PBXFileReference; fileEncoding = 4; lastKnownFileType = file.xib; name = ContentViewController.xib; path = ../ContentViewController.xib; sourceTree = "<group>"; };
		F3E787651A1419A2005AEA46 /* blueArrow.png */ = {isa = PBXFileReference; lastKnownFileType = image.png; name = blueArrow.png; path = ../qiushibaike/NetDemo/Lib/PullingRefresh/blueArrow.png; sourceTree = "<group>"; };
		F3E787661A1419A2005AEA46 /* blueArrow@2x.png */ = {isa = PBXFileReference; lastKnownFileType = image.png; name = "blueArrow@2x.png"; path = "../qiushibaike/NetDemo/Lib/PullingRefresh/blueArrow@2x.png"; sourceTree = "<group>"; };
		F3E787671A1419A2005AEA46 /* blueArrowDown.png */ = {isa = PBXFileReference; lastKnownFileType = image.png; name = blueArrowDown.png; path = ../qiushibaike/NetDemo/Lib/PullingRefresh/blueArrowDown.png; sourceTree = "<group>"; };
		F3E787681A1419A2005AEA46 /* blueArrowDown@2x.png */ = {isa = PBXFileReference; lastKnownFileType = image.png; name = "blueArrowDown@2x.png"; path = "../qiushibaike/NetDemo/Lib/PullingRefresh/blueArrowDown@2x.png"; sourceTree = "<group>"; };
		F3E787691A1419A2005AEA46 /* PullingRefreshTableView.h */ = {isa = PBXFileReference; fileEncoding = 4; lastKnownFileType = sourcecode.c.h; name = PullingRefreshTableView.h; path = ../qiushibaike/NetDemo/Lib/PullingRefresh/PullingRefreshTableView.h; sourceTree = "<group>"; };
		F3E7876A1A1419A2005AEA46 /* PullingRefreshTableView.m */ = {isa = PBXFileReference; fileEncoding = 4; lastKnownFileType = sourcecode.c.objc; name = PullingRefreshTableView.m; path = ../qiushibaike/NetDemo/Lib/PullingRefresh/PullingRefreshTableView.m; sourceTree = "<group>"; };
		F3E787701A14234B005AEA46 /* tooles.m */ = {isa = PBXFileReference; fileEncoding = 4; lastKnownFileType = sourcecode.c.objc; name = tooles.m; path = ../qiushibaike/NetDemo/Lib/tooles.m; sourceTree = "<group>"; };
		F3E787711A14234B005AEA46 /* tooles.h */ = {isa = PBXFileReference; fileEncoding = 4; lastKnownFileType = sourcecode.c.h; name = tooles.h; path = ../qiushibaike/NetDemo/Lib/tooles.h; sourceTree = "<group>"; };
/* End PBXFileReference section */

/* Begin PBXFrameworksBuildPhase section */
		F35EB8BB19EEDF38008EE50D /* Frameworks */ = {
			isa = PBXFrameworksBuildPhase;
			buildActionMask = 2147483647;
			files = (
				F3E7875E1A140FF4005AEA46 /* libz.1.2.5.dylib in Frameworks */,
				F3E7875C1A140FD2005AEA46 /* CFNetwork.framework in Frameworks */,
				F350A1F619F1BD5000FA8677 /* SystemConfiguration.framework in Frameworks */,
				F350A1F419F1B93100FA8677 /* UIKit.framework in Frameworks */,
			);
			runOnlyForDeploymentPostprocessing = 0;
		};
		F35EB8D419EEDF38008EE50D /* Frameworks */ = {
			isa = PBXFrameworksBuildPhase;
			buildActionMask = 2147483647;
			files = (
			);
			runOnlyForDeploymentPostprocessing = 0;
		};
/* End PBXFrameworksBuildPhase section */

/* Begin PBXGroup section */
		F350A1DB19F18BED00FA8677 /* Lib */ = {
			isa = PBXGroup;
			children = (
				F3E787701A14234B005AEA46 /* tooles.m */,
				F3E787711A14234B005AEA46 /* tooles.h */,
				F3E787641A14196F005AEA46 /* PullingRefresh */,
				F3E787351A118FC8005AEA46 /* Touchjson */,
				F3E7871A1A117365005AEA46 /* ASIHttp */,
				F350A1DC19F18BF700FA8677 /* EGO */,
			);
			name = Lib;
			sourceTree = "<group>";
		};
		F350A1DC19F18BF700FA8677 /* EGO */ = {
			isa = PBXGroup;
			children = (
				F350A1EC19F1905700FA8677 /* EGOImageView */,
				F350A1E819F1902800FA8677 /* EGOCache */,
				F350A1E119F18C5800FA8677 /* EGOImageLoader */,
				F350A1DD19F18C0200FA8677 /* EGOImageButton */,
			);
			name = EGO;
			sourceTree = "<group>";
		};
		F350A1DD19F18C0200FA8677 /* EGOImageButton */ = {
			isa = PBXGroup;
			children = (
				F350A1DE19F18C1800FA8677 /* EGOImageButton.h */,
				F350A1DF19F18C1800FA8677 /* EGOImageButton.m */,
			);
			name = EGOImageButton;
			sourceTree = "<group>";
		};
		F350A1E119F18C5800FA8677 /* EGOImageLoader */ = {
			isa = PBXGroup;
			children = (
				F350A1E219F18C7700FA8677 /* EGOImageLoadConnection.h */,
				F350A1E319F18C7700FA8677 /* EGOImageLoadConnection.m */,
				F350A1E419F18C7700FA8677 /* EGOImageLoader.h */,
				F350A1E519F18C7700FA8677 /* EGOImageLoader.m */,
			);
			name = EGOImageLoader;
			sourceTree = "<group>";
		};
		F350A1E819F1902800FA8677 /* EGOCache */ = {
			isa = PBXGroup;
			children = (
				F350A1E919F1904200FA8677 /* EGOCache.h */,
				F350A1EA19F1904200FA8677 /* EGOCache.m */,
			);
			name = EGOCache;
			sourceTree = "<group>";
		};
		F350A1EC19F1905700FA8677 /* EGOImageView */ = {
			isa = PBXGroup;
			children = (
				F350A1ED19F1906600FA8677 /* EGOImageView.h */,
				F350A1EE19F1906600FA8677 /* EGOImageView.m */,
			);
			name = EGOImageView;
			sourceTree = "<group>";
		};
		F350A1F219F1983B00FA8677 /* Frameworks */ = {
			isa = PBXGroup;
			children = (
				F3E7875D1A140FF4005AEA46 /* libz.1.2.5.dylib */,
				F3E7875B1A140FD2005AEA46 /* CFNetwork.framework */,
				F350A1F519F1BD5000FA8677 /* SystemConfiguration.framework */,
				F350A1F319F1B93100FA8677 /* UIKit.framework */,
			);
			name = Frameworks;
			sourceTree = "<group>";
		};
		F35EB8B519EEDF38008EE50D = {
			isa = PBXGroup;
			children = (
				F350A1F219F1983B00FA8677 /* Frameworks */,
				F350A1DB19F18BED00FA8677 /* Lib */,
				F35EB8C019EEDF38008EE50D /* WCQiushi */,
				F35EB8DA19EEDF38008EE50D /* WCQiushiTests */,
				F35EB8BF19EEDF38008EE50D /* Products */,
			);
			sourceTree = "<group>";
		};
		F35EB8BF19EEDF38008EE50D /* Products */ = {
			isa = PBXGroup;
			children = (
				F35EB8BE19EEDF38008EE50D /* WCQiushi.app */,
				F35EB8D719EEDF38008EE50D /* WCQiushiTests.xctest */,
			);
			name = Products;
			sourceTree = "<group>";
		};
		F35EB8C019EEDF38008EE50D /* WCQiushi */ = {
			isa = PBXGroup;
			children = (
				F3E787151A1170FD005AEA46 /* CommentsViewController.h */,
				F3E7875F1A1412FD005AEA46 /* ContentViewController.h */,
				F3E787601A1412FD005AEA46 /* ContentViewController.m */,
				F3E787611A1412FE005AEA46 /* ContentViewController.xib */,
				F3E787161A1170FD005AEA46 /* CommentsViewController.m */,
				F3E787171A1170FD005AEA46 /* CommentsViewController.xib */,
				F350A1D819F177CF00FA8677 /* ContentCell.h */,
				F350A1D919F177CF00FA8677 /* ContentCell.m */,
				F35EB8C519EEDF38008EE50D /* AppDelegate.h */,
				F35EB8C619EEDF38008EE50D /* AppDelegate.m */,
				F35EB8E919EEE59F008EE50D /* Qiushi.h */,
				F35EB8EA19EEE59F008EE50D /* Qiushi.m */,
				F350A1D519F04C2800FA8677 /* Comments.h */,
				F350A1D619F04C2800FA8677 /* Comments.m */,
				F35EB8EE19EF21B7008EE50D /* CommentsCell.h */,
				F35EB8EF19EF21B7008EE50D /* CommentsCell.m */,
				F35EB8C819EEDF38008EE50D /* ViewController.h */,
				F35EB8C919EEDF38008EE50D /* ViewController.m */,
				F35EB8CE19EEDF38008EE50D /* Images.xcassets */,
				F35EB8C119EEDF38008EE50D /* Supporting Files */,
				F35EB8F119EF3102008EE50D /* Images */,
			);
			path = WCQiushi;
			sourceTree = "<group>";
		};
		F35EB8C119EEDF38008EE50D /* Supporting Files */ = {
			isa = PBXGroup;
			children = (
				F35EB8C219EEDF38008EE50D /* Info.plist */,
				F35EB8C319EEDF38008EE50D /* main.m */,
				F35EB8ED19EF1EDB008EE50D /* PrefixHeader.pch */,
			);
			name = "Supporting Files";
			sourceTree = "<group>";
		};
		F35EB8DA19EEDF38008EE50D /* WCQiushiTests */ = {
			isa = PBXGroup;
			children = (
				F35EB8DD19EEDF38008EE50D /* WCQiushiTests.m */,
				F35EB8DB19EEDF38008EE50D /* Supporting Files */,
			);
			path = WCQiushiTests;
			sourceTree = "<group>";
		};
		F35EB8DB19EEDF38008EE50D /* Supporting Files */ = {
			isa = PBXGroup;
			children = (
				F35EB8DC19EEDF38008EE50D /* Info.plist */,
			);
			name = "Supporting Files";
			sourceTree = "<group>";
		};
		F35EB8F119EF3102008EE50D /* Images */ = {
			isa = PBXGroup;
			children = (
				F35EB8F219EF3102008EE50D /* back.png */,
				F35EB8F319EF3102008EE50D /* back@2x.png */,
				F35EB8F419EF3102008EE50D /* bar_background.png */,
				F35EB8F519EF3102008EE50D /* bar_background@2x.png */,
				F35EB8F619EF3102008EE50D /* block_background.png */,
				F35EB8F719EF3102008EE50D /* block_center_background.png */,
				F35EB8F819EF3102008EE50D /* block_foot_background.png */,
				F35EB8F919EF3102008EE50D /* block_help.png */,
				F35EB8FA19EF3102008EE50D /* block_line.png */,
				F35EB8FB19EF3102008EE50D /* block_top.png */,
				F35EB8FC19EF3102008EE50D /* button_login.png */,
				F35EB8FD19EF3102008EE50D /* button_login_active.png */,
				F35EB8FE19EF3102008EE50D /* button_vote.png */,
				F35EB8FF19EF3102008EE50D /* button_vote_active.png */,
				F35EB90019EF3102008EE50D /* Default.png */,
				F35EB90119EF3102008EE50D /* Default@2x.png */,
				F35EB90219EF3102008EE50D /* defaultHeadImage.png */,
				F35EB90319EF3102008EE50D /* head_background.png */,
				F35EB90419EF3102008EE50D /* head_logo.png */,
				F35EB90519EF3102008EE50D /* icon_close.png */,
				F35EB90619EF3102008EE50D /* icon_close_large.png */,
				F35EB90719EF3102008EE50D /* icon_for_bad.png */,
				F35EB90819EF3102008EE50D /* icon_for_comment.png */,
				F35EB90919EF3102008EE50D /* icon_for_good.png */,
				F35EB90A19EF3102008EE50D /* icon_help.png */,
				F35EB90B19EF3102008EE50D /* icon_help_active.png */,
				F35EB90C19EF3102008EE50D /* icon_my_active.png */,
				F35EB90D19EF3102008EE50D /* icon_my_enable.png */,
				F35EB90E19EF3102008EE50D /* icon_new_active.png */,
				F35EB90F19EF3102008EE50D /* icon_new_enable.png */,
				F35EB91019EF3102008EE50D /* icon_pic_enable.png */,
				F35EB91119EF3102008EE50D /* icon_post_enable.png */,
				F35EB91219EF3102008EE50D /* icon_share.png */,
				F35EB91319EF3102008EE50D /* icon_tag.png */,
				F35EB91419EF3102008EE50D /* icon_top_active.png */,
				F35EB91519EF3102008EE50D /* icon_top_enable.png */,
				F35EB91619EF3102008EE50D /* input_button_active.png */,
				F35EB91719EF3102008EE50D /* input_button_enable.png */,
				F35EB91819EF3102008EE50D /* main_background.png */,
				F35EB91919EF3102008EE50D /* pulish_bg.png */,
				F35EB91A19EF3102008EE50D /* thumb_avatar.png */,
				F35EB91B19EF3102008EE50D /* thumb_pic.png */,
			);
			path = Images;
			sourceTree = "<group>";
		};
		F3E7871A1A117365005AEA46 /* ASIHttp */ = {
			isa = PBXGroup;
			children = (
				F3E7871B1A117365005AEA46 /* ASIAuthenticationDialog.h */,
				F3E7871C1A117365005AEA46 /* ASIAuthenticationDialog.m */,
				F3E7871D1A117365005AEA46 /* ASICacheDelegate.h */,
				F3E7871E1A117365005AEA46 /* ASIDownloadCache.h */,
				F3E7871F1A117365005AEA46 /* ASIDownloadCache.m */,
				F3E787201A117365005AEA46 /* ASIFormDataRequest.h */,
				F3E787211A117365005AEA46 /* ASIFormDataRequest.m */,
				F3E787221A117365005AEA46 /* ASIHttpHeaders.h */,
				F3E787231A117365005AEA46 /* ASIHTTPRequest.h */,
				F3E787241A117365005AEA46 /* ASIHTTPRequest.m */,
				F3E787251A117365005AEA46 /* ASIHTTPRequestConfig.h */,
				F3E787261A117365005AEA46 /* ASIHTTPRequestDelegate.h */,
				F3E787271A117365005AEA46 /* ASIInputStream.h */,
				F3E787281A117365005AEA46 /* ASIInputStream.m */,
				F3E787291A117365005AEA46 /* ASINetworkQueue.h */,
				F3E7872A1A117365005AEA46 /* ASINetworkQueue.m */,
				F3E7872B1A117365005AEA46 /* ASIProgressDelegate.h */,
				F3E7872C1A117365005AEA46 /* Reachability.h */,
				F3E7872D1A117365005AEA46 /* Reachability.m */,
			);
			name = ASIHttp;
			path = ../qiushibaike/NetDemo/Lib/ASIHttp;
			sourceTree = "<group>";
		};
		F3E787351A118FC8005AEA46 /* Touchjson */ = {
			isa = PBXGroup;
			children = (
				F3E787361A118FC8005AEA46 /* CDataScanner.h */,
				F3E787371A118FC8005AEA46 /* CDataScanner.m */,
				F3E787381A118FC8005AEA46 /* Experimental */,
				F3E7873F1A118FC8005AEA46 /* Extensions */,
				F3E787481A118FC8005AEA46 /* JSON */,
			);
			name = Touchjson;
			path = ../qiushibaike/NetDemo/Lib/Touchjson;
			sourceTree = "<group>";
		};
		F3E787381A118FC8005AEA46 /* Experimental */ = {
			isa = PBXGroup;
			children = (
				F3E787391A118FC8005AEA46 /* CFilteringJSONSerializer.h */,
				F3E7873A1A118FC8005AEA46 /* CFilteringJSONSerializer.m */,
				F3E7873B1A118FC8005AEA46 /* CJSONDeserializer_BlocksExtensions.h */,
				F3E7873C1A118FC8005AEA46 /* CJSONDeserializer_BlocksExtensions.m */,
				F3E7873D1A118FC8005AEA46 /* CJSONSerializedData.h */,
				F3E7873E1A118FC8005AEA46 /* CJSONSerializedData.m */,
			);
			path = Experimental;
			sourceTree = "<group>";
		};
		F3E7873F1A118FC8005AEA46 /* Extensions */ = {
			isa = PBXGroup;
			children = (
				F3E787401A118FC8005AEA46 /* CDataScanner_Extensions.h */,
				F3E787411A118FC8005AEA46 /* CDataScanner_Extensions.m */,
				F3E787421A118FC8005AEA46 /* NSCharacterSet_Extensions.h */,
				F3E787431A118FC8005AEA46 /* NSCharacterSet_Extensions.m */,
				F3E787441A118FC8005AEA46 /* NSDictionary_JSONExtensions.h */,
				F3E787451A118FC8005AEA46 /* NSDictionary_JSONExtensions.m */,
				F3E787461A118FC8005AEA46 /* NSScanner_Extensions.h */,
				F3E787471A118FC8005AEA46 /* NSScanner_Extensions.m */,
			);
			path = Extensions;
			sourceTree = "<group>";
		};
		F3E787481A118FC8005AEA46 /* JSON */ = {
			isa = PBXGroup;
			children = (
				F3E787491A118FC8005AEA46 /* CJSONDeserializer.h */,
				F3E7874A1A118FC8005AEA46 /* CJSONDeserializer.m */,
				F3E7874B1A118FC8005AEA46 /* CJSONScanner.h */,
				F3E7874C1A118FC8005AEA46 /* CJSONScanner.m */,
				F3E7874D1A118FC8005AEA46 /* CJSONSerializer.h */,
				F3E7874E1A118FC8005AEA46 /* CJSONSerializer.m */,
				F3E7874F1A118FC8005AEA46 /* JSONRepresentation.h */,
			);
			path = JSON;
			sourceTree = "<group>";
		};
		F3E787641A14196F005AEA46 /* PullingRefresh */ = {
			isa = PBXGroup;
			children = (
				F3E787651A1419A2005AEA46 /* blueArrow.png */,
				F3E787661A1419A2005AEA46 /* blueArrow@2x.png */,
				F3E787671A1419A2005AEA46 /* blueArrowDown.png */,
				F3E787681A1419A2005AEA46 /* blueArrowDown@2x.png */,
				F3E787691A1419A2005AEA46 /* PullingRefreshTableView.h */,
				F3E7876A1A1419A2005AEA46 /* PullingRefreshTableView.m */,
			);
			name = PullingRefresh;
			sourceTree = "<group>";
		};
/* End PBXGroup section */

/* Begin PBXNativeTarget section */
		F35EB8BD19EEDF38008EE50D /* WCQiushi */ = {
			isa = PBXNativeTarget;
			buildConfigurationList = F35EB8E119EEDF38008EE50D /* Build configuration list for PBXNativeTarget "WCQiushi" */;
			buildPhases = (
				F35EB8BA19EEDF38008EE50D /* Sources */,
				F35EB8BB19EEDF38008EE50D /* Frameworks */,
				F35EB8BC19EEDF38008EE50D /* Resources */,
			);
			buildRules = (
			);
			dependencies = (
			);
			name = WCQiushi;
			productName = WCQiushi;
			productReference = F35EB8BE19EEDF38008EE50D /* WCQiushi.app */;
			productType = "com.apple.product-type.application";
		};
		F35EB8D619EEDF38008EE50D /* WCQiushiTests */ = {
			isa = PBXNativeTarget;
			buildConfigurationList = F35EB8E419EEDF38008EE50D /* Build configuration list for PBXNativeTarget "WCQiushiTests" */;
			buildPhases = (
				F35EB8D319EEDF38008EE50D /* Sources */,
				F35EB8D419EEDF38008EE50D /* Frameworks */,
				F35EB8D519EEDF38008EE50D /* Resources */,
			);
			buildRules = (
			);
			dependencies = (
				F35EB8D919EEDF38008EE50D /* PBXTargetDependency */,
			);
			name = WCQiushiTests;
			productName = WCQiushiTests;
			productReference = F35EB8D719EEDF38008EE50D /* WCQiushiTests.xctest */;
			productType = "com.apple.product-type.bundle.unit-test";
		};
/* End PBXNativeTarget section */

/* Begin PBXProject section */
		F35EB8B619EEDF38008EE50D /* Project object */ = {
			isa = PBXProject;
			attributes = {
				LastUpgradeCheck = 0610;
				ORGANIZATIONNAME = com.wenwenchu;
				TargetAttributes = {
					F35EB8BD19EEDF38008EE50D = {
						CreatedOnToolsVersion = 6.1;
					};
					F35EB8D619EEDF38008EE50D = {
						CreatedOnToolsVersion = 6.1;
						TestTargetID = F35EB8BD19EEDF38008EE50D;
					};
				};
			};
			buildConfigurationList = F35EB8B919EEDF38008EE50D /* Build configuration list for PBXProject "WCQiushi" */;
			compatibilityVersion = "Xcode 3.2";
			developmentRegion = English;
			hasScannedForEncodings = 0;
			knownRegions = (
				en,
				Base,
			);
			mainGroup = F35EB8B519EEDF38008EE50D;
			productRefGroup = F35EB8BF19EEDF38008EE50D /* Products */;
			projectDirPath = "";
			projectRoot = "";
			targets = (
				F35EB8BD19EEDF38008EE50D /* WCQiushi */,
				F35EB8D619EEDF38008EE50D /* WCQiushiTests */,
			);
		};
/* End PBXProject section */

/* Begin PBXResourcesBuildPhase section */
		F35EB8BC19EEDF38008EE50D /* Resources */ = {
			isa = PBXResourcesBuildPhase;
			buildActionMask = 2147483647;
			files = (
				F35EB91C19EF3102008EE50D /* back.png in Resources */,
				F35EB93D19EF3102008EE50D /* icon_tag.png in Resources */,
				F35EB93119EF3102008EE50D /* icon_for_bad.png in Resources */,
				F35EB93719EF3102008EE50D /* icon_my_enable.png in Resources */,
				F35EB94019EF3102008EE50D /* input_button_active.png in Resources */,
				F35EB92419EF3102008EE50D /* block_line.png in Resources */,
				F35EB93B19EF3102008EE50D /* icon_post_enable.png in Resources */,
				F35EB92019EF3102008EE50D /* block_background.png in Resources */,
				F35EB92D19EF3102008EE50D /* head_background.png in Resources */,
				F35EB92A19EF3102008EE50D /* Default.png in Resources */,
				F35EB93C19EF3102008EE50D /* icon_share.png in Resources */,
				F35EB93619EF3102008EE50D /* icon_my_active.png in Resources */,
				F35EB92519EF3102008EE50D /* block_top.png in Resources */,
				F35EB91E19EF3102008EE50D /* bar_background.png in Resources */,
				F35EB93219EF3102008EE50D /* icon_for_comment.png in Resources */,
				F35EB94119EF3102008EE50D /* input_button_enable.png in Resources */,
				F35EB92319EF3102008EE50D /* block_help.png in Resources */,
				F3E7876E1A1419A2005AEA46 /* blueArrowDown@2x.png in Resources */,
				F35EB94419EF3102008EE50D /* thumb_avatar.png in Resources */,
				F35EB92919EF3102008EE50D /* button_vote_active.png in Resources */,
				F35EB91F19EF3102008EE50D /* bar_background@2x.png in Resources */,
				F3E787631A1412FE005AEA46 /* ContentViewController.xib in Resources */,
				F3E7876C1A1419A2005AEA46 /* blueArrow@2x.png in Resources */,
				F35EB92C19EF3102008EE50D /* defaultHeadImage.png in Resources */,
				F35EB93919EF3102008EE50D /* icon_new_enable.png in Resources */,
				F35EB93A19EF3102008EE50D /* icon_pic_enable.png in Resources */,
				F35EB93819EF3102008EE50D /* icon_new_active.png in Resources */,
				F3E787191A1170FD005AEA46 /* CommentsViewController.xib in Resources */,
				F35EB93F19EF3102008EE50D /* icon_top_enable.png in Resources */,
				F35EB92B19EF3102008EE50D /* Default@2x.png in Resources */,
				F35EB92619EF3102008EE50D /* button_login.png in Resources */,
				F35EB8CF19EEDF38008EE50D /* Images.xcassets in Resources */,
				F3E7876D1A1419A2005AEA46 /* blueArrowDown.png in Resources */,
				F35EB93E19EF3102008EE50D /* icon_top_active.png in Resources */,
				F35EB92219EF3102008EE50D /* block_foot_background.png in Resources */,
				F35EB91D19EF3102008EE50D /* back@2x.png in Resources */,
				F35EB92719EF3102008EE50D /* button_login_active.png in Resources */,
				F35EB93019EF3102008EE50D /* icon_close_large.png in Resources */,
				F35EB94319EF3102008EE50D /* pulish_bg.png in Resources */,
				F35EB92119EF3102008EE50D /* block_center_background.png in Resources */,
				F35EB94519EF3102008EE50D /* thumb_pic.png in Resources */,
				F35EB92E19EF3102008EE50D /* head_logo.png in Resources */,
				F35EB94219EF3102008EE50D /* main_background.png in Resources */,
				F35EB92819EF3102008EE50D /* button_vote.png in Resources */,
				F35EB93519EF3102008EE50D /* icon_help_active.png in Resources */,
				F35EB92F19EF3102008EE50D /* icon_close.png in Resources */,
				F3E7876B1A1419A2005AEA46 /* blueArrow.png in Resources */,
				F35EB93319EF3102008EE50D /* icon_for_good.png in Resources */,
				F35EB93419EF3102008EE50D /* icon_help.png in Resources */,
			);
			runOnlyForDeploymentPostprocessing = 0;
		};
		F35EB8D519EEDF38008EE50D /* Resources */ = {
			isa = PBXResourcesBuildPhase;
			buildActionMask = 2147483647;
			files = (
			);
			runOnlyForDeploymentPostprocessing = 0;
		};
/* End PBXResourcesBuildPhase section */

/* Begin PBXSourcesBuildPhase section */
		F35EB8BA19EEDF38008EE50D /* Sources */ = {
			isa = PBXSourcesBuildPhase;
			buildActionMask = 2147483647;
			files = (
				F35EB8CA19EEDF38008EE50D /* ViewController.m in Sources */,
				F350A1DA19F177CF00FA8677 /* ContentCell.m in Sources */,
				F3E7872F1A117365005AEA46 /* ASIDownloadCache.m in Sources */,
				F3E787301A117365005AEA46 /* ASIFormDataRequest.m in Sources */,
				F3E787591A118FC8005AEA46 /* CJSONScanner.m in Sources */,
				F3E787511A118FC8005AEA46 /* CFilteringJSONSerializer.m in Sources */,
				F3E787331A117365005AEA46 /* ASINetworkQueue.m in Sources */,
				F350A1D719F04C2800FA8677 /* Comments.m in Sources */,
				F3E787181A1170FD005AEA46 /* CommentsViewController.m in Sources */,
				F35EB8C719EEDF38008EE50D /* AppDelegate.m in Sources */,
				F3E787501A118FC8005AEA46 /* CDataScanner.m in Sources */,
				F3E787311A117365005AEA46 /* ASIHTTPRequest.m in Sources */,
				F3E787621A1412FE005AEA46 /* ContentViewController.m in Sources */,
				F3E787551A118FC8005AEA46 /* NSCharacterSet_Extensions.m in Sources */,
				F3E787531A118FC8005AEA46 /* CJSONSerializedData.m in Sources */,
				F3E7872E1A117365005AEA46 /* ASIAuthenticationDialog.m in Sources */,
				F350A1E719F18C7700FA8677 /* EGOImageLoader.m in Sources */,
				F3E787721A14234B005AEA46 /* tooles.m in Sources */,
				F3E787541A118FC8005AEA46 /* CDataScanner_Extensions.m in Sources */,
				F3E787521A118FC8005AEA46 /* CJSONDeserializer_BlocksExtensions.m in Sources */,
				F35EB8F019EF21B7008EE50D /* CommentsCell.m in Sources */,
				F3E787581A118FC8005AEA46 /* CJSONDeserializer.m in Sources */,
				F350A1EF19F1906600FA8677 /* EGOImageView.m in Sources */,
				F3E7876F1A1419A2005AEA46 /* PullingRefreshTableView.m in Sources */,
				F3E787561A118FC8005AEA46 /* NSDictionary_JSONExtensions.m in Sources */,
				F3E7875A1A118FC8005AEA46 /* CJSONSerializer.m in Sources */,
				F350A1E019F18C1800FA8677 /* EGOImageButton.m in Sources */,
				F3E787341A117365005AEA46 /* Reachability.m in Sources */,
				F35EB8EB19EEE59F008EE50D /* Qiushi.m in Sources */,
				F3E787571A118FC8005AEA46 /* NSScanner_Extensions.m in Sources */,
				F3E787321A117365005AEA46 /* ASIInputStream.m in Sources */,
				F350A1EB19F1904200FA8677 /* EGOCache.m in Sources */,
				F35EB8C419EEDF38008EE50D /* main.m in Sources */,
				F350A1E619F18C7700FA8677 /* EGOImageLoadConnection.m in Sources */,
			);
			runOnlyForDeploymentPostprocessing = 0;
		};
		F35EB8D319EEDF38008EE50D /* Sources */ = {
			isa = PBXSourcesBuildPhase;
			buildActionMask = 2147483647;
			files = (
				F35EB8DE19EEDF38008EE50D /* WCQiushiTests.m in Sources */,
			);
			runOnlyForDeploymentPostprocessing = 0;
		};
/* End PBXSourcesBuildPhase section */

/* Begin PBXTargetDependency section */
		F35EB8D919EEDF38008EE50D /* PBXTargetDependency */ = {
			isa = PBXTargetDependency;
			target = F35EB8BD19EEDF38008EE50D /* WCQiushi */;
			targetProxy = F35EB8D819EEDF38008EE50D /* PBXContainerItemProxy */;
		};
/* End PBXTargetDependency section */

/* Begin XCBuildConfiguration section */
		F35EB8DF19EEDF38008EE50D /* Debug */ = {
			isa = XCBuildConfiguration;
			buildSettings = {
				ALWAYS_SEARCH_USER_PATHS = NO;
				CLANG_CXX_LANGUAGE_STANDARD = "gnu++0x";
				CLANG_CXX_LIBRARY = "libc++";
				CLANG_ENABLE_MODULES = YES;
				CLANG_ENABLE_OBJC_ARC = NO;
				CLANG_WARN_BOOL_CONVERSION = YES;
				CLANG_WARN_CONSTANT_CONVERSION = YES;
				CLANG_WARN_DIRECT_OBJC_ISA_USAGE = YES_ERROR;
				CLANG_WARN_EMPTY_BODY = YES;
				CLANG_WARN_ENUM_CONVERSION = YES;
				CLANG_WARN_INT_CONVERSION = YES;
				CLANG_WARN_OBJC_ROOT_CLASS = YES_ERROR;
				CLANG_WARN_UNREACHABLE_CODE = YES;
				CLANG_WARN__DUPLICATE_METHOD_MATCH = YES;
				"CODE_SIGN_IDENTITY[sdk=iphoneos*]" = "iPhone Developer";
				COPY_PHASE_STRIP = NO;
				ENABLE_STRICT_OBJC_MSGSEND = YES;
				GCC_C_LANGUAGE_STANDARD = gnu99;
				GCC_DYNAMIC_NO_PIC = NO;
				GCC_OPTIMIZATION_LEVEL = 0;
				GCC_PREPROCESSOR_DEFINITIONS = (
					"DEBUG=1",
					"$(inherited)",
				);
				GCC_SYMBOLS_PRIVATE_EXTERN = NO;
				GCC_WARN_64_TO_32_BIT_CONVERSION = YES;
				GCC_WARN_ABOUT_RETURN_TYPE = YES_ERROR;
				GCC_WARN_UNDECLARED_SELECTOR = YES;
				GCC_WARN_UNINITIALIZED_AUTOS = YES_AGGRESSIVE;
				GCC_WARN_UNUSED_FUNCTION = YES;
				GCC_WARN_UNUSED_VARIABLE = YES;
				IPHONEOS_DEPLOYMENT_TARGET = 8.0;
				MTL_ENABLE_DEBUG_INFO = YES;
				ONLY_ACTIVE_ARCH = YES;
				SDKROOT = iphoneos;
			};
			name = Debug;
		};
		F35EB8E019EEDF38008EE50D /* Release */ = {
			isa = XCBuildConfiguration;
			buildSettings = {
				ALWAYS_SEARCH_USER_PATHS = NO;
				CLANG_CXX_LANGUAGE_STANDARD = "gnu++0x";
				CLANG_CXX_LIBRARY = "libc++";
				CLANG_ENABLE_MODULES = YES;
				CLANG_ENABLE_OBJC_ARC = NO;
				CLANG_WARN_BOOL_CONVERSION = YES;
				CLANG_WARN_CONSTANT_CONVERSION = YES;
				CLANG_WARN_DIRECT_OBJC_ISA_USAGE = YES_ERROR;
				CLANG_WARN_EMPTY_BODY = YES;
				CLANG_WARN_ENUM_CONVERSION = YES;
				CLANG_WARN_INT_CONVERSION = YES;
				CLANG_WARN_OBJC_ROOT_CLASS = YES_ERROR;
				CLANG_WARN_UNREACHABLE_CODE = YES;
				CLANG_WARN__DUPLICATE_METHOD_MATCH = YES;
				"CODE_SIGN_IDENTITY[sdk=iphoneos*]" = "iPhone Developer";
				COPY_PHASE_STRIP = YES;
				ENABLE_NS_ASSERTIONS = NO;
				ENABLE_STRICT_OBJC_MSGSEND = YES;
				GCC_C_LANGUAGE_STANDARD = gnu99;
				GCC_WARN_64_TO_32_BIT_CONVERSION = YES;
				GCC_WARN_ABOUT_RETURN_TYPE = YES_ERROR;
				GCC_WARN_UNDECLARED_SELECTOR = YES;
				GCC_WARN_UNINITIALIZED_AUTOS = YES_AGGRESSIVE;
				GCC_WARN_UNUSED_FUNCTION = YES;
				GCC_WARN_UNUSED_VARIABLE = YES;
				IPHONEOS_DEPLOYMENT_TARGET = 8.0;
				MTL_ENABLE_DEBUG_INFO = NO;
				SDKROOT = iphoneos;
				VALIDATE_PRODUCT = YES;
			};
			name = Release;
		};
		F35EB8E219EEDF38008EE50D /* Debug */ = {
			isa = XCBuildConfiguration;
			buildSettings = {
				ARCHS = "$(ARCHS_STANDARD_32_BIT)";
				ASSETCATALOG_COMPILER_APPICON_NAME = AppIcon;
				GCC_PRECOMPILE_PREFIX_HEADER = YES;
				GCC_PREFIX_HEADER = WCQiushi/PrefixHeader.pch;
				GCC_VERSION = com.apple.compilers.llvm.clang.1_0;
				INFOPLIST_FILE = WCQiushi/Info.plist;
				IPHONEOS_DEPLOYMENT_TARGET = 8.0;
				LD_RUNPATH_SEARCH_PATHS = "$(inherited) @executable_path/Frameworks";
				ONLY_ACTIVE_ARCH = NO;
				PRODUCT_NAME = "$(TARGET_NAME)";
			};
			name = Debug;
		};
		F35EB8E319EEDF38008EE50D /* Release */ = {
			isa = XCBuildConfiguration;
			buildSettings = {
				ARCHS = "$(ARCHS_STANDARD_32_BIT)";
				ASSETCATALOG_COMPILER_APPICON_NAME = AppIcon;
				GCC_PRECOMPILE_PREFIX_HEADER = YES;
				GCC_PREFIX_HEADER = WCQiushi/PrefixHeader.pch;
				GCC_VERSION = com.apple.compilers.llvm.clang.1_0;
				INFOPLIST_FILE = WCQiushi/Info.plist;
				IPHONEOS_DEPLOYMENT_TARGET = 8.0;
				LD_RUNPATH_SEARCH_PATHS = "$(inherited) @executable_path/Frameworks";
				ONLY_ACTIVE_ARCH = NO;
				PRODUCT_NAME = "$(TARGET_NAME)";
			};
			name = Release;
		};
		F35EB8E519EEDF38008EE50D /* Debug */ = {
			isa = XCBuildConfiguration;
			buildSettings = {
				BUNDLE_LOADER = "$(TEST_HOST)";
				FRAMEWORK_SEARCH_PATHS = (
					"$(SDKROOT)/Developer/Library/Frameworks",
					"$(inherited)",
				);
				GCC_PREPROCESSOR_DEFINITIONS = (
					"DEBUG=1",
					"$(inherited)",
				);
				INFOPLIST_FILE = WCQiushiTests/Info.plist;
				LD_RUNPATH_SEARCH_PATHS = "$(inherited) @executable_path/Frameworks @loader_path/Frameworks";
				PRODUCT_NAME = "$(TARGET_NAME)";
				TEST_HOST = "$(BUILT_PRODUCTS_DIR)/WCQiushi.app/WCQiushi";
			};
			name = Debug;
		};
		F35EB8E619EEDF38008EE50D /* Release */ = {
			isa = XCBuildConfiguration;
			buildSettings = {
				BUNDLE_LOADER = "$(TEST_HOST)";
				FRAMEWORK_SEARCH_PATHS = (
					"$(SDKROOT)/Developer/Library/Frameworks",
					"$(inherited)",
				);
				INFOPLIST_FILE = WCQiushiTests/Info.plist;
				LD_RUNPATH_SEARCH_PATHS = "$(inherited) @executable_path/Frameworks @loader_path/Frameworks";
				PRODUCT_NAME = "$(TARGET_NAME)";
				TEST_HOST = "$(BUILT_PRODUCTS_DIR)/WCQiushi.app/WCQiushi";
			};
			name = Release;
		};
/* End XCBuildConfiguration section */

/* Begin XCConfigurationList section */
		F35EB8B919EEDF38008EE50D /* Build configuration list for PBXProject "WCQiushi" */ = {
			isa = XCConfigurationList;
			buildConfigurations = (
				F35EB8DF19EEDF38008EE50D /* Debug */,
				F35EB8E019EEDF38008EE50D /* Release */,
			);
			defaultConfigurationIsVisible = 0;
			defaultConfigurationName = Release;
		};
		F35EB8E119EEDF38008EE50D /* Build configuration list for PBXNativeTarget "WCQiushi" */ = {
			isa = XCConfigurationList;
			buildConfigurations = (
				F35EB8E219EEDF38008EE50D /* Debug */,
				F35EB8E319EEDF38008EE50D /* Release */,
			);
			defaultConfigurationIsVisible = 0;
			defaultConfigurationName = Release;
		};
		F35EB8E419EEDF38008EE50D /* Build configuration list for PBXNativeTarget "WCQiushiTests" */ = {
			isa = XCConfigurationList;
			buildConfigurations = (
				F35EB8E519EEDF38008EE50D /* Debug */,
				F35EB8E619EEDF38008EE50D /* Release */,
			);
			defaultConfigurationIsVisible = 0;
			defaultConfigurationName = Release;
		};
/* End XCConfigurationList section */
	};
	rootObject = F35EB8B619EEDF38008EE50D /* Project object */;
}
